
Microsoft Visual Studio Solution File, Format Version 12.00
# Visual Studio Version 17
VisualStudioVersion = 17.1.32228.430
MinimumVisualStudioVersion = 10.0.40219.1
Project("{9A19103F-16F7-4668-BE54-9A1E7A4F7556}") = "ApartmentRentingSystem", "ApartmentRentingSystem\ApartmentRentingSystem.csproj", "{338F7BCE-494B-420E-A913-FD8038FB3786}"
EndProject
Project("{FAE04EC0-301F-11D3-BF4B-00C04F79EFBC}") = "ApartmentRentingSystemTests", "ApartmentRentingSystemTests\ApartmentRentingSystemTests.csproj", "{E0831FB2-FADC-4FE1-8500-3CE6C6FBCC6B}"
EndProject
Global
	GlobalSection(SolutionConfigurationPlatforms) = preSolution
		Debug|Any CPU = Debug|Any CPU
		Release|Any CPU = Release|Any CPU
	EndGlobalSection
	GlobalSection(ProjectConfigurationPlatforms) = postSolution
		{338F7BCE-494B-420E-A913-FD8038FB3786}.Debug|Any CPU.ActiveCfg = Debug|Any CPU
		{338F7BCE-494B-420E-A913-FD8038FB3786}.Debug|Any CPU.Build.0 = Debug|Any CPU
		{338F7BCE-494B-420E-A913-FD8038FB3786}.Release|Any CPU.ActiveCfg = Release|Any CPU
		{338F7BCE-494B-420E-A913-FD8038FB3786}.Release|Any CPU.Build.0 = Release|Any CPU
		{E0831FB2-FADC-4FE1-8500-3CE6C6FBCC6B}.Debug|Any CPU.ActiveCfg = Debug|Any CPU
		{E0831FB2-FADC-4FE1-8500-3CE6C6FBCC6B}.Debug|Any CPU.Build.0 = Debug|Any CPU
		{E0831FB2-FADC-4FE1-8500-3CE6C6FBCC6B}.Release|Any CPU.ActiveCfg = Release|Any CPU
		{E0831FB2-FADC-4FE1-8500-3CE6C6FBCC6B}.Release|Any CPU.Build.0 = Release|Any CPU
	EndGlobalSection
	GlobalSection(SolutionProperties) = preSolution
		HideSolutionNode = FALSE
	EndGlobalSection
	GlobalSection(ExtensibilityGlobals) = postSolution
		SolutionGuid = {74BFB534-0C80-4D35-91E6-7F7AE223EA6D}
	EndGlobalSection
EndGlobal
